
Microsoft Visual Studio Solution File, Format Version 12.00
# Visual Studio Version 17
VisualStudioVersion = 17.2.32519.379
MinimumVisualStudioVersion = 10.0.40219.1
Project("{FAE04EC0-301F-11D3-BF4B-00C04F79EFBC}") = "Salary", "Salary\Salary.csproj", "{672D0A55-807C-4556-984E-D3EBB80AC4BA}"
EndProject
Global
	GlobalSection(SolutionConfigurationPlatforms) = preSolution
		Debug|Any CPU = Debug|Any CPU
		Release|Any CPU = Release|Any CPU
	EndGlobalSection
	GlobalSection(ProjectConfigurationPlatforms) = postSolution
		{672D0A55-807C-4556-984E-D3EBB80AC4BA}.Debug|Any CPU.ActiveCfg = Debug|Any CPU
		{672D0A55-807C-4556-984E-D3EBB80AC4BA}.Debug|Any CPU.Build.0 = Debug|Any CPU
		{672D0A55-807C-4556-984E-D3EBB80AC4BA}.Release|Any CPU.ActiveCfg = Release|Any CPU
		{672D0A55-807C-4556-984E-D3EBB80AC4BA}.Release|Any CPU.Build.0 = Release|Any CPU
	EndGlobalSection
	GlobalSection(SolutionProperties) = preSolution
		HideSolutionNode = FALSE
	EndGlobalSection
	GlobalSection(ExtensibilityGlobals) = postSolution
		SolutionGuid = {0FA70DB5-4112-4263-96EE-C083F9C9A035}
	EndGlobalSection
EndGlobal
